
Microsoft Visual Studio Solution File, Format Version 12.00
# Visual Studio 14
VisualStudioVersion = 14.0.25420.1
MinimumVisualStudioVersion = 10.0.40219.1
Project("{FAE04EC0-301F-11D3-BF4B-00C04F79EFBC}") = "XUnitGraphicalTestRunner", "XUnitGraphicalTestRunner\XUnitGraphicalTestRunner.csproj", "{C4551B0D-A6F3-4564-ACF4-EB490C0906C5}"
EndProject
Global
	GlobalSection(SolutionConfigurationPlatforms) = preSolution
		Debug|Any CPU = Debug|Any CPU
		Release|Any CPU = Release|Any CPU
	EndGlobalSection
	GlobalSection(ProjectConfigurationPlatforms) = postSolution
		{C4551B0D-A6F3-4564-ACF4-EB490C0906C5}.Debug|Any CPU.ActiveCfg = Debug|Any CPU
		{C4551B0D-A6F3-4564-ACF4-EB490C0906C5}.Debug|Any CPU.Build.0 = Debug|Any CPU
		{C4551B0D-A6F3-4564-ACF4-EB490C0906C5}.Release|Any CPU.ActiveCfg = Release|Any CPU
		{C4551B0D-A6F3-4564-ACF4-EB490C0906C5}.Release|Any CPU.Build.0 = Release|Any CPU
	EndGlobalSection
	GlobalSection(SolutionProperties) = preSolution
		HideSolutionNode = FALSE
	EndGlobalSection
EndGlobal
